
Microsoft Visual Studio Solution File, Format Version 12.00
# Visual Studio Version 16
VisualStudioVersion = 16.0.30225.117
MinimumVisualStudioVersion = 10.0.40219.1
Project("{9A19103F-16F7-4668-BE54-9A1E7A4F7556}") = "mattlant.Test.K.App", "mattlant.Test.K.App\mattlant.Test.K.App.csproj", "{718E510A-07F1-4D86-972D-979FD94E3E02}"
EndProject
Project("{9A19103F-16F7-4668-BE54-9A1E7A4F7556}") = "mattlant.Test.K.Tests", "mattlant.Test.K.Tests\mattlant.Test.K.Tests.csproj", "{B6B51B94-3572-4279-9536-78A0D64C49FF}"
EndProject
Project("{9A19103F-16F7-4668-BE54-9A1E7A4F7556}") = "mattlant.Test.K.Core", "mattlant.Test.K.Core\mattlant.Test.K.Core.csproj", "{469B429C-C2E7-4B67-9647-BFF985549537}"
EndProject
Project("{9A19103F-16F7-4668-BE54-9A1E7A4F7556}") = "mattlant.Test.K.Providers.BuiltIn", "mattlant.Test.K.Providers.BuiltIn\mattlant.Test.K.Providers.BuiltIn.csproj", "{7F039B0F-5AC5-4298-8848-9D5149A3869D}"
EndProject
Project("{9A19103F-16F7-4668-BE54-9A1E7A4F7556}") = "mattlant.Test.K.DI", "mattlant.Test.K.DI\mattlant.Test.K.DI.csproj", "{1C117E94-8098-4572-B844-D9B45CE41857}"
EndProject
Project("{2150E333-8FDC-42A3-9474-1A3956D46DE8}") = "Solution Items", "Solution Items", "{CF7D3E3C-8BAB-48F1-B45B-E0FDBB552BD1}"
	ProjectSection(SolutionItems) = preProject
		LICENSE = LICENSE
		readme.md = readme.md
	EndProjectSection
EndProject
Global
	GlobalSection(SolutionConfigurationPlatforms) = preSolution
		Debug|Any CPU = Debug|Any CPU
		Release|Any CPU = Release|Any CPU
	EndGlobalSection
	GlobalSection(ProjectConfigurationPlatforms) = postSolution
		{718E510A-07F1-4D86-972D-979FD94E3E02}.Debug|Any CPU.ActiveCfg = Debug|Any CPU
		{718E510A-07F1-4D86-972D-979FD94E3E02}.Debug|Any CPU.Build.0 = Debug|Any CPU
		{718E510A-07F1-4D86-972D-979FD94E3E02}.Release|Any CPU.ActiveCfg = Release|Any CPU
		{718E510A-07F1-4D86-972D-979FD94E3E02}.Release|Any CPU.Build.0 = Release|Any CPU
		{B6B51B94-3572-4279-9536-78A0D64C49FF}.Debug|Any CPU.ActiveCfg = Debug|Any CPU
		{B6B51B94-3572-4279-9536-78A0D64C49FF}.Debug|Any CPU.Build.0 = Debug|Any CPU
		{B6B51B94-3572-4279-9536-78A0D64C49FF}.Release|Any CPU.ActiveCfg = Release|Any CPU
		{B6B51B94-3572-4279-9536-78A0D64C49FF}.Release|Any CPU.Build.0 = Release|Any CPU
		{469B429C-C2E7-4B67-9647-BFF985549537}.Debug|Any CPU.ActiveCfg = Debug|Any CPU
		{469B429C-C2E7-4B67-9647-BFF985549537}.Debug|Any CPU.Build.0 = Debug|Any CPU
		{469B429C-C2E7-4B67-9647-BFF985549537}.Release|Any CPU.ActiveCfg = Release|Any CPU
		{469B429C-C2E7-4B67-9647-BFF985549537}.Release|Any CPU.Build.0 = Release|Any CPU
		{7F039B0F-5AC5-4298-8848-9D5149A3869D}.Debug|Any CPU.ActiveCfg = Debug|Any CPU
		{7F039B0F-5AC5-4298-8848-9D5149A3869D}.Debug|Any CPU.Build.0 = Debug|Any CPU
		{7F039B0F-5AC5-4298-8848-9D5149A3869D}.Release|Any CPU.ActiveCfg = Release|Any CPU
		{7F039B0F-5AC5-4298-8848-9D5149A3869D}.Release|Any CPU.Build.0 = Release|Any CPU
		{1C117E94-8098-4572-B844-D9B45CE41857}.Debug|Any CPU.ActiveCfg = Debug|Any CPU
		{1C117E94-8098-4572-B844-D9B45CE41857}.Debug|Any CPU.Build.0 = Debug|Any CPU
		{1C117E94-8098-4572-B844-D9B45CE41857}.Release|Any CPU.ActiveCfg = Release|Any CPU
		{1C117E94-8098-4572-B844-D9B45CE41857}.Release|Any CPU.Build.0 = Release|Any CPU
	EndGlobalSection
	GlobalSection(SolutionProperties) = preSolution
		HideSolutionNode = FALSE
	EndGlobalSection
	GlobalSection(ExtensibilityGlobals) = postSolution
		SolutionGuid = {082FE1E5-D6D8-4E87-ADB2-9F47D2C0AAF8}
	EndGlobalSection
EndGlobal
